// !$*UTF8*$!
{
	archiveVersion = 1;
	classes = {
	};
	objectVersion = 50;
	objects = {

/* Begin PBXBuildFile section */
		1F5A13AB243246A80034EE80 /* AppDelegate.swift in Sources */ = {isa = PBXBuildFile; fileRef = 1F5A13AA243246A80034EE80 /* AppDelegate.swift */; };
		1F5A13AD243246A80034EE80 /* SceneDelegate.swift in Sources */ = {isa = PBXBuildFile; fileRef = 1F5A13AC243246A80034EE80 /* SceneDelegate.swift */; };
		1F5A13B2243246A80034EE80 /* Main.storyboard in Resources */ = {isa = PBXBuildFile; fileRef = 1F5A13B0243246A80034EE80 /* Main.storyboard */; };
		1F5A13B4243246AD0034EE80 /* Assets.xcassets in Resources */ = {isa = PBXBuildFile; fileRef = 1F5A13B3243246AD0034EE80 /* Assets.xcassets */; };
		1F5A13B7243246AD0034EE80 /* LaunchScreen.storyboard in Resources */ = {isa = PBXBuildFile; fileRef = 1F5A13B5243246AD0034EE80 /* LaunchScreen.storyboard */; };
		1F5A13C2243246AD0034EE80 /* Emoji_DictionaryTests.swift in Sources */ = {isa = PBXBuildFile; fileRef = 1F5A13C1243246AD0034EE80 /* Emoji_DictionaryTests.swift */; };
		1F5A13CD243246AD0034EE80 /* Emoji_DictionaryUITests.swift in Sources */ = {isa = PBXBuildFile; fileRef = 1F5A13CC243246AD0034EE80 /* Emoji_DictionaryUITests.swift */; };
		1F5A13DB243247040034EE80 /* Emoji.swift in Sources */ = {isa = PBXBuildFile; fileRef = 1F5A13DA243247040034EE80 /* Emoji.swift */; };
		1F5A13DD24324EB10034EE80 /* EmojiTableViewController.swift in Sources */ = {isa = PBXBuildFile; fileRef = 1F5A13DC24324EB10034EE80 /* EmojiTableViewController.swift */; };
/* End PBXBuildFile section */

/* Begin PBXContainerItemProxy section */
		1F5A13BE243246AD0034EE80 /* PBXContainerItemProxy */ = {
			isa = PBXContainerItemProxy;
			containerPortal = 1F5A139F243246A80034EE80 /* Project object */;
			proxyType = 1;
			remoteGlobalIDString = 1F5A13A6243246A80034EE80;
			remoteInfo = "Emoji Dictionary";
		};
		1F5A13C9243246AD0034EE80 /* PBXContainerItemProxy */ = {
			isa = PBXContainerItemProxy;
			containerPortal = 1F5A139F243246A80034EE80 /* Project object */;
			proxyType = 1;
			remoteGlobalIDString = 1F5A13A6243246A80034EE80;
			remoteInfo = "Emoji Dictionary";
		};
/* End PBXContainerItemProxy section */

/* Begin PBXFileReference section */
		1F5A13A7243246A80034EE80 /* Emoji Dictionary.app */ = {isa = PBXFileReference; explicitFileType = wrapper.application; includeInIndex = 0; path = "Emoji Dictionary.app"; sourceTree = BUILT_PRODUCTS_DIR; };
		1F5A13AA243246A80034EE80 /* AppDelegate.swift */ = {isa = PBXFileReference; lastKnownFileType = sourcecode.swift; path = AppDelegate.swift; sourceTree = "<group>"; };
		1F5A13AC243246A80034EE80 /* SceneDelegate.swift */ = {isa = PBXFileReference; lastKnownFileType = sourcecode.swift; path = SceneDelegate.swift; sourceTree = "<group>"; };
		1F5A13B1243246A80034EE80 /* Base */ = {isa = PBXFileReference; lastKnownFileType = file.storyboard; name = Base; path = Base.lproj/Main.storyboard; sourceTree = "<group>"; };
		1F5A13B3243246AD0034EE80 /* Assets.xcassets */ = {isa = PBXFileReference; lastKnownFileType = folder.assetcatalog; path = Assets.xcassets; sourceTree = "<group>"; };
		1F5A13B6243246AD0034EE80 /* Base */ = {isa = PBXFileReference; lastKnownFileType = file.storyboard; name = Base; path = Base.lproj/LaunchScreen.storyboard; sourceTree = "<group>"; };
		1F5A13B8243246AD0034EE80 /* Info.plist */ = {isa = PBXFileReference; lastKnownFileType = text.plist.xml; path = Info.plist; sourceTree = "<group>"; };
		1F5A13BD243246AD0034EE80 /* Emoji DictionaryTests.xctest */ = {isa = PBXFileReference; explicitFileType = wrapper.cfbundle; includeInIndex = 0; path = "Emoji DictionaryTests.xctest"; sourceTree = BUILT_PRODUCTS_DIR; };
		1F5A13C1243246AD0034EE80 /* Emoji_DictionaryTests.swift */ = {isa = PBXFileReference; lastKnownFileType = sourcecode.swift; path = Emoji_DictionaryTests.swift; sourceTree = "<group>"; };
		1F5A13C3243246AD0034EE80 /* Info.plist */ = {isa = PBXFileReference; lastKnownFileType = text.plist.xml; path = Info.plist; sourceTree = "<group>"; };
		1F5A13C8243246AD0034EE80 /* Emoji DictionaryUITests.xctest */ = {isa = PBXFileReference; explicitFileType = wrapper.cfbundle; includeInIndex = 0; path = "Emoji DictionaryUITests.xctest"; sourceTree = BUILT_PRODUCTS_DIR; };
		1F5A13CC243246AD0034EE80 /* Emoji_DictionaryUITests.swift */ = {isa = PBXFileReference; lastKnownFileType = sourcecode.swift; path = Emoji_DictionaryUITests.swift; sourceTree = "<group>"; };
		1F5A13CE243246AD0034EE80 /* Info.plist */ = {isa = PBXFileReference; lastKnownFileType = text.plist.xml; path = Info.plist; sourceTree = "<group>"; };
		1F5A13DA243247040034EE80 /* Emoji.swift */ = {isa = PBXFileReference; lastKnownFileType = sourcecode.swift; path = Emoji.swift; sourceTree = "<group>"; };
		1F5A13DC24324EB10034EE80 /* EmojiTableViewController.swift */ = {isa = PBXFileReference; lastKnownFileType = sourcecode.swift; path = EmojiTableViewController.swift; sourceTree = "<group>"; };
/* End PBXFileReference section */

/* Begin PBXFrameworksBuildPhase section */
		1F5A13A4243246A80034EE80 /* Frameworks */ = {
			isa = PBXFrameworksBuildPhase;
			buildActionMask = 2147483647;
			files = (
			);
			runOnlyForDeploymentPostprocessing = 0;
		};
		1F5A13BA243246AD0034EE80 /* Frameworks */ = {
			isa = PBXFrameworksBuildPhase;
			buildActionMask = 2147483647;
			files = (
			);
			runOnlyForDeploymentPostprocessing = 0;
		};
		1F5A13C5243246AD0034EE80 /* Frameworks */ = {
			isa = PBXFrameworksBuildPhase;
			buildActionMask = 2147483647;
			files = (
			);
			runOnlyForDeploymentPostprocessing = 0;
		};
/* End PBXFrameworksBuildPhase section */

/* Begin PBXGroup section */
		1F5A139E243246A80034EE80 = {
			isa = PBXGroup;
			children = (
				1F5A13A9243246A80034EE80 /* Emoji Dictionary */,
				1F5A13C0243246AD0034EE80 /* Emoji DictionaryTests */,
				1F5A13CB243246AD0034EE80 /* Emoji DictionaryUITests */,
				1F5A13A8243246A80034EE80 /* Products */,
			);
			sourceTree = "<group>";
		};
		1F5A13A8243246A80034EE80 /* Products */ = {
			isa = PBXGroup;
			children = (
				1F5A13A7243246A80034EE80 /* Emoji Dictionary.app */,
				1F5A13BD243246AD0034EE80 /* Emoji DictionaryTests.xctest */,
				1F5A13C8243246AD0034EE80 /* Emoji DictionaryUITests.xctest */,
			);
			name = Products;
			sourceTree = "<group>";
		};
		1F5A13A9243246A80034EE80 /* Emoji Dictionary */ = {
			isa = PBXGroup;
			children = (
				1F5A13AA243246A80034EE80 /* AppDelegate.swift */,
				1F5A13AC243246A80034EE80 /* SceneDelegate.swift */,
				1F5A13B0243246A80034EE80 /* Main.storyboard */,
				1F5A13DC24324EB10034EE80 /* EmojiTableViewController.swift */,
				1F5A13DA243247040034EE80 /* Emoji.swift */,
				1F5A13B3243246AD0034EE80 /* Assets.xcassets */,
				1F5A13B5243246AD0034EE80 /* LaunchScreen.storyboard */,
				1F5A13B8243246AD0034EE80 /* Info.plist */,
			);
			path = "Emoji Dictionary";
			sourceTree = "<group>";
		};
		1F5A13C0243246AD0034EE80 /* Emoji DictionaryTests */ = {
			isa = PBXGroup;
			children = (
				1F5A13C1243246AD0034EE80 /* Emoji_DictionaryTests.swift */,
				1F5A13C3243246AD0034EE80 /* Info.plist */,
			);
			path = "Emoji DictionaryTests";
			sourceTree = "<group>";
		};
		1F5A13CB243246AD0034EE80 /* Emoji DictionaryUITests */ = {
			isa = PBXGroup;
			children = (
				1F5A13CC243246AD0034EE80 /* Emoji_DictionaryUITests.swift */,
				1F5A13CE243246AD0034EE80 /* Info.plist */,
			);
			path = "Emoji DictionaryUITests";
			sourceTree = "<group>";
		};
/* End PBXGroup section */

/* Begin PBXNativeTarget section */
		1F5A13A6243246A80034EE80 /* Emoji Dictionary */ = {
			isa = PBXNativeTarget;
			buildConfigurationList = 1F5A13D1243246AD0034EE80 /* Build configuration list for PBXNativeTarget "Emoji Dictionary" */;
			buildPhases = (
				1F5A13A3243246A80034EE80 /* Sources */,
				1F5A13A4243246A80034EE80 /* Frameworks */,
				1F5A13A5243246A80034EE80 /* Resources */,
			);
			buildRules = (
			);
			dependencies = (
			);
			name = "Emoji Dictionary";
			productName = "Emoji Dictionary";
			productReference = 1F5A13A7243246A80034EE80 /* Emoji Dictionary.app */;
			productType = "com.apple.product-type.application";
		};
		1F5A13BC243246AD0034EE80 /* Emoji DictionaryTests */ = {
			isa = PBXNativeTarget;
			buildConfigurationList = 1F5A13D4243246AD0034EE80 /* Build configuration list for PBXNativeTarget "Emoji DictionaryTests" */;
			buildPhases = (
				1F5A13B9243246AD0034EE80 /* Sources */,
				1F5A13BA243246AD0034EE80 /* Frameworks */,
				1F5A13BB243246AD0034EE80 /* Resources */,
			);
			buildRules = (
			);
			dependencies = (
				1F5A13BF243246AD0034EE80 /* PBXTargetDependency */,
			);
			name = "Emoji DictionaryTests";
			productName = "Emoji DictionaryTests";
			productReference = 1F5A13BD243246AD0034EE80 /* Emoji DictionaryTests.xctest */;
			productType = "com.apple.product-type.bundle.unit-test";
		};
		1F5A13C7243246AD0034EE80 /* Emoji DictionaryUITests */ = {
			isa = PBXNativeTarget;
			buildConfigurationList = 1F5A13D7243246AD0034EE80 /* Build configuration list for PBXNativeTarget "Emoji DictionaryUITests" */;
			buildPhases = (
				1F5A13C4243246AD0034EE80 /* Sources */,
				1F5A13C5243246AD0034EE80 /* Frameworks */,
				1F5A13C6243246AD0034EE80 /* Resources */,
			);
			buildRules = (
			);
			dependencies = (
				1F5A13CA243246AD0034EE80 /* PBXTargetDependency */,
			);
			name = "Emoji DictionaryUITests";
			productName = "Emoji DictionaryUITests";
			productReference = 1F5A13C8243246AD0034EE80 /* Emoji DictionaryUITests.xctest */;
			productType = "com.apple.product-type.bundle.ui-testing";
		};
/* End PBXNativeTarget section */

/* Begin PBXProject section */
		1F5A139F243246A80034EE80 /* Project object */ = {
			isa = PBXProject;
			attributes = {
				LastSwiftUpdateCheck = 1140;
				LastUpgradeCheck = 1140;
				ORGANIZATIONNAME = "Kwame  Boamah ";
				TargetAttributes = {
					1F5A13A6243246A80034EE80 = {
						CreatedOnToolsVersion = 11.4;
					};
					1F5A13BC243246AD0034EE80 = {
						CreatedOnToolsVersion = 11.4;
						TestTargetID = 1F5A13A6243246A80034EE80;
					};
					1F5A13C7243246AD0034EE80 = {
						CreatedOnToolsVersion = 11.4;
						TestTargetID = 1F5A13A6243246A80034EE80;
					};
				};
			};
			buildConfigurationList = 1F5A13A2243246A80034EE80 /* Build configuration list for PBXProject "Emoji Dictionary" */;
			compatibilityVersion = "Xcode 9.3";
			developmentRegion = en;
			hasScannedForEncodings = 0;
			knownRegions = (
				en,
				Base,
			);
			mainGroup = 1F5A139E243246A80034EE80;
			productRefGroup = 1F5A13A8243246A80034EE80 /* Products */;
			projectDirPath = "";
			projectRoot = "";
			targets = (
				1F5A13A6243246A80034EE80 /* Emoji Dictionary */,
				1F5A13BC243246AD0034EE80 /* Emoji DictionaryTests */,
				1F5A13C7243246AD0034EE80 /* Emoji DictionaryUITests */,
			);
		};
/* End PBXProject section */

/* Begin PBXResourcesBuildPhase section */
		1F5A13A5243246A80034EE80 /* Resources */ = {
			isa = PBXResourcesBuildPhase;
			buildActionMask = 2147483647;
			files = (
				1F5A13B7243246AD0034EE80 /* LaunchScreen.storyboard in Resources */,
				1F5A13B4243246AD0034EE80 /* Assets.xcassets in Resources */,
				1F5A13B2243246A80034EE80 /* Main.storyboard in Resources */,
			);
			runOnlyForDeploymentPostprocessing = 0;
		};
		1F5A13BB243246AD0034EE80 /* Resources */ = {
			isa = PBXResourcesBuildPhase;
			buildActionMask = 2147483647;
			files = (
			);
			runOnlyForDeploymentPostprocessing = 0;
		};
		1F5A13C6243246AD0034EE80 /* Resources */ = {
			isa = PBXResourcesBuildPhase;
			buildActionMask = 2147483647;
			files = (
			);
			runOnlyForDeploymentPostprocessing = 0;
		};
/* End PBXResourcesBuildPhase section */

/* Begin PBXSourcesBuildPhase section */
		1F5A13A3243246A80034EE80 /* Sources */ = {
			isa = PBXSourcesBuildPhase;
			buildActionMask = 2147483647;
			files = (
				1F5A13DD24324EB10034EE80 /* EmojiTableViewController.swift in Sources */,
				1F5A13DB243247040034EE80 /* Emoji.swift in Sources */,
				1F5A13AB243246A80034EE80 /* AppDelegate.swift in Sources */,
				1F5A13AD243246A80034EE80 /* SceneDelegate.swift in Sources */,
			);
			runOnlyForDeploymentPostprocessing = 0;
		};
		1F5A13B9243246AD0034EE80 /* Sources */ = {
			isa = PBXSourcesBuildPhase;
			buildActionMask = 2147483647;
			files = (
				1F5A13C2243246AD0034EE80 /* Emoji_DictionaryTests.swift in Sources */,
			);
			runOnlyForDeploymentPostprocessing = 0;
		};
		1F5A13C4243246AD0034EE80 /* Sources */ = {
			isa = PBXSourcesBuildPhase;
			buildActionMask = 2147483647;
			files = (
				1F5A13CD243246AD0034EE80 /* Emoji_DictionaryUITests.swift in Sources */,
			);
			runOnlyForDeploymentPostprocessing = 0;
		};
/* End PBXSourcesBuildPhase section */

/* Begin PBXTargetDependency section */
		1F5A13BF243246AD0034EE80 /* PBXTargetDependency */ = {
			isa = PBXTargetDependency;
			target = 1F5A13A6243246A80034EE80 /* Emoji Dictionary */;
			targetProxy = 1F5A13BE243246AD0034EE80 /* PBXContainerItemProxy */;
		};
		1F5A13CA243246AD0034EE80 /* PBXTargetDependency */ = {
			isa = PBXTargetDependency;
			target = 1F5A13A6243246A80034EE80 /* Emoji Dictionary */;
			targetProxy = 1F5A13C9243246AD0034EE80 /* PBXContainerItemProxy */;
		};
/* End PBXTargetDependency section */

/* Begin PBXVariantGroup section */
		1F5A13B0243246A80034EE80 /* Main.storyboard */ = {
			isa = PBXVariantGroup;
			children = (
				1F5A13B1243246A80034EE80 /* Base */,
			);
			name = Main.storyboard;
			sourceTree = "<group>";
		};
		1F5A13B5243246AD0034EE80 /* LaunchScreen.storyboard */ = {
			isa = PBXVariantGroup;
			children = (
				1F5A13B6243246AD0034EE80 /* Base */,
			);
			name = LaunchScreen.storyboard;
			sourceTree = "<group>";
		};
/* End PBXVariantGroup section */

/* Begin XCBuildConfiguration section */
		1F5A13CF243246AD0034EE80 /* Debug */ = {
			isa = XCBuildConfiguration;
			buildSettings = {
				ALWAYS_SEARCH_USER_PATHS = NO;
				CLANG_ANALYZER_NONNULL = YES;
				CLANG_ANALYZER_NUMBER_OBJECT_CONVERSION = YES_AGGRESSIVE;
				CLANG_CXX_LANGUAGE_STANDARD = "gnu++14";
				CLANG_CXX_LIBRARY = "libc++";
				CLANG_ENABLE_MODULES = YES;
				CLANG_ENABLE_OBJC_ARC = YES;
				CLANG_ENABLE_OBJC_WEAK = YES;
				CLANG_WARN_BLOCK_CAPTURE_AUTORELEASING = YES;
				CLANG_WARN_BOOL_CONVERSION = YES;
				CLANG_WARN_COMMA = YES;
				CLANG_WARN_CONSTANT_CONVERSION = YES;
				CLANG_WARN_DEPRECATED_OBJC_IMPLEMENTATIONS = YES;
				CLANG_WARN_DIRECT_OBJC_ISA_USAGE = YES_ERROR;
				CLANG_WARN_DOCUMENTATION_COMMENTS = YES;
				CLANG_WARN_EMPTY_BODY = YES;
				CLANG_WARN_ENUM_CONVERSION = YES;
				CLANG_WARN_INFINITE_RECURSION = YES;
				CLANG_WARN_INT_CONVERSION = YES;
				CLANG_WARN_NON_LITERAL_NULL_CONVERSION = YES;
				CLANG_WARN_OBJC_IMPLICIT_RETAIN_SELF = YES;
				CLANG_WARN_OBJC_LITERAL_CONVERSION = YES;
				CLANG_WARN_OBJC_ROOT_CLASS = YES_ERROR;
				CLANG_WARN_RANGE_LOOP_ANALYSIS = YES;
				CLANG_WARN_STRICT_PROTOTYPES = YES;
				CLANG_WARN_SUSPICIOUS_MOVE = YES;
				CLANG_WARN_UNGUARDED_AVAILABILITY = YES_AGGRESSIVE;
				CLANG_WARN_UNREACHABLE_CODE = YES;
				CLANG_WARN__DUPLICATE_METHOD_MATCH = YES;
				COPY_PHASE_STRIP = NO;
				DEBUG_INFORMATION_FORMAT = dwarf;
				ENABLE_STRICT_OBJC_MSGSEND = YES;
				ENABLE_TESTABILITY = YES;
				GCC_C_LANGUAGE_STANDARD = gnu11;
				GCC_DYNAMIC_NO_PIC = NO;
				GCC_NO_COMMON_BLOCKS = YES;
				GCC_OPTIMIZATION_LEVEL = 0;
				GCC_PREPROCESSOR_DEFINITIONS = (
					"DEBUG=1",
					"$(inherited)",
				);
				GCC_WARN_64_TO_32_BIT_CONVERSION = YES;
				GCC_WARN_ABOUT_RETURN_TYPE = YES_ERROR;
				GCC_WARN_UNDECLARED_SELECTOR = YES;
				GCC_WARN_UNINITIALIZED_AUTOS = YES_AGGRESSIVE;
				GCC_WARN_UNUSED_FUNCTION = YES;
				GCC_WARN_UNUSED_VARIABLE = YES;
				IPHONEOS_DEPLOYMENT_TARGET = 13.4;
				MTL_ENABLE_DEBUG_INFO = INCLUDE_SOURCE;
				MTL_FAST_MATH = YES;
				ONLY_ACTIVE_ARCH = YES;
				SDKROOT = iphoneos;
				SWIFT_ACTIVE_COMPILATION_CONDITIONS = DEBUG;
				SWIFT_OPTIMIZATION_LEVEL = "-Onone";
			};
			name = Debug;
		};
		1F5A13D0243246AD0034EE80 /* Release */ = {
			isa = XCBuildConfiguration;
			buildSettings = {
				ALWAYS_SEARCH_USER_PATHS = NO;
				CLANG_ANALYZER_NONNULL = YES;
				CLANG_ANALYZER_NUMBER_OBJECT_CONVERSION = YES_AGGRESSIVE;
				CLANG_CXX_LANGUAGE_STANDARD = "gnu++14";
				CLANG_CXX_LIBRARY = "libc++";
				CLANG_ENABLE_MODULES = YES;
				CLANG_ENABLE_OBJC_ARC = YES;
				CLANG_ENABLE_OBJC_WEAK = YES;
				CLANG_WARN_BLOCK_CAPTURE_AUTORELEASING = YES;
				CLANG_WARN_BOOL_CONVERSION = YES;
				CLANG_WARN_COMMA = YES;
				CLANG_WARN_CONSTANT_CONVERSION = YES;
				CLANG_WARN_DEPRECATED_OBJC_IMPLEMENTATIONS = YES;
				CLANG_WARN_DIRECT_OBJC_ISA_USAGE = YES_ERROR;
				CLANG_WARN_DOCUMENTATION_COMMENTS = YES;
				CLANG_WARN_EMPTY_BODY = YES;
				CLANG_WARN_ENUM_CONVERSION = YES;
				CLANG_WARN_INFINITE_RECURSION = YES;
				CLANG_WARN_INT_CONVERSION = YES;
				CLANG_WARN_NON_LITERAL_NULL_CONVERSION = YES;
				CLANG_WARN_OBJC_IMPLICIT_RETAIN_SELF = YES;
				CLANG_WARN_OBJC_LITERAL_CONVERSION = YES;
				CLANG_WARN_OBJC_ROOT_CLASS = YES_ERROR;
				CLANG_WARN_RANGE_LOOP_ANALYSIS = YES;
				CLANG_WARN_STRICT_PROTOTYPES = YES;
				CLANG_WARN_SUSPICIOUS_MOVE = YES;
				CLANG_WARN_UNGUARDED_AVAILABILITY = YES_AGGRESSIVE;
				CLANG_WARN_UNREACHABLE_CODE = YES;
				CLANG_WARN__DUPLICATE_METHOD_MATCH = YES;
				COPY_PHASE_STRIP = NO;
				DEBUG_INFORMATION_FORMAT = "dwarf-with-dsym";
				ENABLE_NS_ASSERTIONS = NO;
				ENABLE_STRICT_OBJC_MSGSEND = YES;
				GCC_C_LANGUAGE_STANDARD = gnu11;
				GCC_NO_COMMON_BLOCKS = YES;
				GCC_WARN_64_TO_32_BIT_CONVERSION = YES;
				GCC_WARN_ABOUT_RETURN_TYPE = YES_ERROR;
				GCC_WARN_UNDECLARED_SELECTOR = YES;
				GCC_WARN_UNINITIALIZED_AUTOS = YES_AGGRESSIVE;
				GCC_WARN_UNUSED_FUNCTION = YES;
				GCC_WARN_UNUSED_VARIABLE = YES;
				IPHONEOS_DEPLOYMENT_TARGET = 13.4;
				MTL_ENABLE_DEBUG_INFO = NO;
				MTL_FAST_MATH = YES;
				SDKROOT = iphoneos;
				SWIFT_COMPILATION_MODE = wholemodule;
				SWIFT_OPTIMIZATION_LEVEL = "-O";
				VALIDATE_PRODUCT = YES;
			};
			name = Release;
		};
		1F5A13D2243246AD0034EE80 /* Debug */ = {
			isa = XCBuildConfiguration;
			buildSettings = {
				ASSETCATALOG_COMPILER_APPICON_NAME = AppIcon;
				CODE_SIGN_STYLE = Automatic;
				INFOPLIST_FILE = "Emoji Dictionary/Info.plist";
				LD_RUNPATH_SEARCH_PATHS = (
					"$(inherited)",
					"@executable_path/Frameworks",
				);
				PRODUCT_BUNDLE_IDENTIFIER = "org.ssfs.Emoji-Dictionary";
				PRODUCT_NAME = "$(TARGET_NAME)";
				SWIFT_VERSION = 5.0;
				TARGETED_DEVICE_FAMILY = "1,2";
			};
			name = Debug;
		};
		1F5A13D3243246AD0034EE80 /* Release */ = {
			isa = XCBuildConfiguration;
			buildSettings = {
				ASSETCATALOG_COMPILER_APPICON_NAME = AppIcon;
				CODE_SIGN_STYLE = Automatic;
				INFOPLIST_FILE = "Emoji Dictionary/Info.plist";
				LD_RUNPATH_SEARCH_PATHS = (
					"$(inherited)",
					"@executable_path/Frameworks",
				);
				PRODUCT_BUNDLE_IDENTIFIER = "org.ssfs.Emoji-Dictionary";
				PRODUCT_NAME = "$(TARGET_NAME)";
				SWIFT_VERSION = 5.0;
				TARGETED_DEVICE_FAMILY = "1,2";
			};
			name = Release;
		};
		1F5A13D5243246AD0034EE80 /* Debug */ = {
			isa = XCBuildConfiguration;
			buildSettings = {
				ALWAYS_EMBED_SWIFT_STANDARD_LIBRARIES = YES;
				BUNDLE_LOADER = "$(TEST_HOST)";
				CODE_SIGN_STYLE = Automatic;
				INFOPLIST_FILE = "Emoji DictionaryTests/Info.plist";
				IPHONEOS_DEPLOYMENT_TARGET = 13.4;
				LD_RUNPATH_SEARCH_PATHS = (
					"$(inherited)",
					"@executable_path/Frameworks",
					"@loader_path/Frameworks",
				);
				PRODUCT_BUNDLE_IDENTIFIER = "org.ssfs.Emoji-DictionaryTests";
				PRODUCT_NAME = "$(TARGET_NAME)";
				SWIFT_VERSION = 5.0;
				TARGETED_DEVICE_FAMILY = "1,2";
				TEST_HOST = "$(BUILT_PRODUCTS_DIR)/Emoji Dictionary.app/Emoji Dictionary";
			};
			name = Debug;
		};
		1F5A13D6243246AD0034EE80 /* Release */ = {
			isa = XCBuildConfiguration;
			buildSettings = {
				ALWAYS_EMBED_SWIFT_STANDARD_LIBRARIES = YES;
				BUNDLE_LOADER = "$(TEST_HOST)";
				CODE_SIGN_STYLE = Automatic;
				INFOPLIST_FILE = "Emoji DictionaryTests/Info.plist";
				IPHONEOS_DEPLOYMENT_TARGET = 13.4;
				LD_RUNPATH_SEARCH_PATHS = (
					"$(inherited)",
					"@executable_path/Frameworks",
					"@loader_path/Frameworks",
				);
				PRODUCT_BUNDLE_IDENTIFIER = "org.ssfs.Emoji-DictionaryTests";
				PRODUCT_NAME = "$(TARGET_NAME)";
				SWIFT_VERSION = 5.0;
				TARGETED_DEVICE_FAMILY = "1,2";
				TEST_HOST = "$(BUILT_PRODUCTS_DIR)/Emoji Dictionary.app/Emoji Dictionary";
			};
			name = Release;
		};
		1F5A13D8243246AD0034EE80 /* Debug */ = {
			isa = XCBuildConfiguration;
			buildSettings = {
				ALWAYS_EMBED_SWIFT_STANDARD_LIBRARIES = YES;
				CODE_SIGN_STYLE = Automatic;
				INFOPLIST_FILE = "Emoji DictionaryUITests/Info.plist";
				LD_RUNPATH_SEARCH_PATHS = (
					"$(inherited)",
					"@executable_path/Frameworks",
					"@loader_path/Frameworks",
				);
				PRODUCT_BUNDLE_IDENTIFIER = "org.ssfs.Emoji-DictionaryUITests";
				PRODUCT_NAME = "$(TARGET_NAME)";
				SWIFT_VERSION = 5.0;
				TARGETED_DEVICE_FAMILY = "1,2";
				TEST_TARGET_NAME = "Emoji Dictionary";
			};
			name = Debug;
		};
		1F5A13D9243246AD0034EE80 /* Release */ = {
			isa = XCBuildConfiguration;
			buildSettings = {
				ALWAYS_EMBED_SWIFT_STANDARD_LIBRARIES = YES;
				CODE_SIGN_STYLE = Automatic;
				INFOPLIST_FILE = "Emoji DictionaryUITests/Info.plist";
				LD_RUNPATH_SEARCH_PATHS = (
					"$(inherited)",
					"@executable_path/Frameworks",
					"@loader_path/Frameworks",
				);
				PRODUCT_BUNDLE_IDENTIFIER = "org.ssfs.Emoji-DictionaryUITests";
				PRODUCT_NAME = "$(TARGET_NAME)";
				SWIFT_VERSION = 5.0;
				TARGETED_DEVICE_FAMILY = "1,2";
				TEST_TARGET_NAME = "Emoji Dictionary";
			};
			name = Release;
		};
/* End XCBuildConfiguration section */

/* Begin XCConfigurationList section */
		1F5A13A2243246A80034EE80 /* Build configuration list for PBXProject "Emoji Dictionary" */ = {
			isa = XCConfigurationList;
			buildConfigurations = (
				1F5A13CF243246AD0034EE80 /* Debug */,
				1F5A13D0243246AD0034EE80 /* Release */,
			);
			defaultConfigurationIsVisible = 0;
			defaultConfigurationName = Release;
		};
		1F5A13D1243246AD0034EE80 /* Build configuration list for PBXNativeTarget "Emoji Dictionary" */ = {
			isa = XCConfigurationList;
			buildConfigurations = (
				1F5A13D2243246AD0034EE80 /* Debug */,
				1F5A13D3243246AD0034EE80 /* Release */,
			);
			defaultConfigurationIsVisible = 0;
			defaultConfigurationName = Release;
		};
		1F5A13D4243246AD0034EE80 /* Build configuration list for PBXNativeTarget "Emoji DictionaryTests" */ = {
			isa = XCConfigurationList;
			buildConfigurations = (
				1F5A13D5243246AD0034EE80 /* Debug */,
				1F5A13D6243246AD0034EE80 /* Release */,
			);
			defaultConfigurationIsVisible = 0;
			defaultConfigurationName = Release;
		};
		1F5A13D7243246AD0034EE80 /* Build configuration list for PBXNativeTarget "Emoji DictionaryUITests" */ = {
			isa = XCConfigurationList;
			buildConfigurations = (
				1F5A13D8243246AD0034EE80 /* Debug */,
				1F5A13D9243246AD0034EE80 /* Release */,
			);
			defaultConfigurationIsVisible = 0;
			defaultConfigurationName = Release;
		};
/* End XCConfigurationList section */
	};
	rootObject = 1F5A139F243246A80034EE80 /* Project object */;
}
